
Microsoft Visual Studio Solution File, Format Version 12.00
# Visual Studio Version 17
VisualStudioVersion = 17.8.34322.80
MinimumVisualStudioVersion = 10.0.40219.1
Project("{FAE04EC0-301F-11D3-BF4B-00C04F79EFBC}") = "ShapeShifter", "ShapeShifter\ShapeShifter.csproj", "{29A28F79-657D-4315-A86F-A64EFC7E2E19}"
EndProject
Global
	GlobalSection(SolutionConfigurationPlatforms) = preSolution
		Debug|ARM = Debug|ARM
		Debug|ARM64 = Debug|ARM64
		Debug|x64 = Debug|x64
		Debug|x86 = Debug|x86
		Release|ARM = Release|ARM
		Release|ARM64 = Release|ARM64
		Release|x64 = Release|x64
		Release|x86 = Release|x86
	EndGlobalSection
	GlobalSection(ProjectConfigurationPlatforms) = postSolution
		{29A28F79-657D-4315-A86F-A64EFC7E2E19}.Debug|ARM.ActiveCfg = Debug|ARM
		{29A28F79-657D-4315-A86F-A64EFC7E2E19}.Debug|ARM.Build.0 = Debug|ARM
		{29A28F79-657D-4315-A86F-A64EFC7E2E19}.Debug|ARM.Deploy.0 = Debug|ARM
		{29A28F79-657D-4315-A86F-A64EFC7E2E19}.Debug|ARM64.ActiveCfg = Debug|ARM64
		{29A28F79-657D-4315-A86F-A64EFC7E2E19}.Debug|ARM64.Build.0 = Debug|ARM64
		{29A28F79-657D-4315-A86F-A64EFC7E2E19}.Debug|ARM64.Deploy.0 = Debug|ARM64
		{29A28F79-657D-4315-A86F-A64EFC7E2E19}.Debug|x64.ActiveCfg = Debug|x64
		{29A28F79-657D-4315-A86F-A64EFC7E2E19}.Debug|x64.Build.0 = Debug|x64
		{29A28F79-657D-4315-A86F-A64EFC7E2E19}.Debug|x64.Deploy.0 = Debug|x64
		{29A28F79-657D-4315-A86F-A64EFC7E2E19}.Debug|x86.ActiveCfg = Debug|x86
		{29A28F79-657D-4315-A86F-A64EFC7E2E19}.Debug|x86.Build.0 = Debug|x86
		{29A28F79-657D-4315-A86F-A64EFC7E2E19}.Debug|x86.Deploy.0 = Debug|x86
		{29A28F79-657D-4315-A86F-A64EFC7E2E19}.Release|ARM.ActiveCfg = Release|ARM
		{29A28F79-657D-4315-A86F-A64EFC7E2E19}.Release|ARM.Build.0 = Release|ARM
		{29A28F79-657D-4315-A86F-A64EFC7E2E19}.Release|ARM.Deploy.0 = Release|ARM
		{29A28F79-657D-4315-A86F-A64EFC7E2E19}.Release|ARM64.ActiveCfg = Release|ARM64
		{29A28F79-657D-4315-A86F-A64EFC7E2E19}.Release|ARM64.Build.0 = Release|ARM64
		{29A28F79-657D-4315-A86F-A64EFC7E2E19}.Release|ARM64.Deploy.0 = Release|ARM64
		{29A28F79-657D-4315-A86F-A64EFC7E2E19}.Release|x64.ActiveCfg = Release|x64
		{29A28F79-657D-4315-A86F-A64EFC7E2E19}.Release|x64.Build.0 = Release|x64
		{29A28F79-657D-4315-A86F-A64EFC7E2E19}.Release|x64.Deploy.0 = Release|x64
		{29A28F79-657D-4315-A86F-A64EFC7E2E19}.Release|x86.ActiveCfg = Release|x86
		{29A28F79-657D-4315-A86F-A64EFC7E2E19}.Release|x86.Build.0 = Release|x86
		{29A28F79-657D-4315-A86F-A64EFC7E2E19}.Release|x86.Deploy.0 = Release|x86
	EndGlobalSection
	GlobalSection(SolutionProperties) = preSolution
		HideSolutionNode = FALSE
	EndGlobalSection
	GlobalSection(ExtensibilityGlobals) = postSolution
		SolutionGuid = {59E934E1-9A53-465B-939D-349A25806BFD}
	EndGlobalSection
EndGlobal
